<?xml version="1.0" encoding="utf-8"?>
<Project ToolsVersion="4.0" xmlns="http://schemas.microsoft.com/developer/msbuild/2003">
  <ItemGroup>
    <ClCompile Include="p2Log.cpp">
      <Filter>p2</Filter>
    </ClCompile>
    <ClCompile Include="j1App.cpp">
      <Filter>Game</Filter>
    </ClCompile>
    <ClCompile Include="j1Main.cpp">
      <Filter>Game</Filter>
    </ClCompile>
    <ClCompile Include="j1PerfTimer.cpp">
      <Filter>Game\Tools</Filter>
    </ClCompile>
    <ClCompile Include="j1Timer.cpp">
      <Filter>Game\Tools</Filter>
    </ClCompile>
    <ClCompile Include="j1Scene.cpp">
      <Filter>Game\Scenes</Filter>
    </ClCompile>
    <ClCompile Include="j1Audio.cpp">
      <Filter>Game\Modules</Filter>
    </ClCompile>
    <ClCompile Include="j1Collision.cpp">
      <Filter>Game\Modules</Filter>
    </ClCompile>
    <ClCompile Include="j1FadeToBlack.cpp">
      <Filter>Game\Modules</Filter>
    </ClCompile>
    <ClCompile Include="j1Input.cpp">
      <Filter>Game\Modules</Filter>
    </ClCompile>
    <ClCompile Include="j1Map.cpp">
      <Filter>Game\Modules</Filter>
    </ClCompile>
    <ClCompile Include="j1Particles.cpp">
      <Filter>Game\Modules</Filter>
    </ClCompile>
    <ClCompile Include="j1Pathfinding.cpp">
      <Filter>Game\Modules</Filter>
    </ClCompile>
    <ClCompile Include="j1Render.cpp">
      <Filter>Game\Modules</Filter>
    </ClCompile>
    <ClCompile Include="j1Textures.cpp">
      <Filter>Game\Modules</Filter>
    </ClCompile>
    <ClCompile Include="j1Window.cpp">
      <Filter>Game\Modules</Filter>
    </ClCompile>
    <ClCompile Include="CatPeasant.cpp">
      <Filter>Game\Modules\Entities</Filter>
    </ClCompile>
    <ClCompile Include="Imp.cpp">
      <Filter>Game\Modules\Entities</Filter>
    </ClCompile>
    <ClCompile Include="Monkey.cpp">
      <Filter>Game\Modules\Entities</Filter>
    </ClCompile>
    <ClCompile Include="PugiXml\src\pugixml.cpp">
      <Filter>Game\Tools\PugiXML</Filter>
    </ClCompile>
    <ClCompile Include="j1EntityFactory.cpp">
      <Filter>Game\Modules</Filter>
    </ClCompile>
    <ClCompile Include="Entity.cpp">
      <Filter>Game\Modules\Entities</Filter>
    </ClCompile>
    <ClCompile Include="Player.cpp">
      <Filter>Game\Modules\Entities</Filter>
    </ClCompile>
  </ItemGroup>
  <ItemGroup>
    <ClInclude Include="Animation.h">
      <Filter>p2</Filter>
    </ClInclude>
    <ClInclude Include="p2Defs.h">
      <Filter>p2</Filter>
    </ClInclude>
    <ClInclude Include="p2DynArray.h">
      <Filter>p2</Filter>
    </ClInclude>
    <ClInclude Include="p2List.h">
      <Filter>p2</Filter>
    </ClInclude>
    <ClInclude Include="p2Log.h">
      <Filter>p2</Filter>
    </ClInclude>
    <ClInclude Include="p2Point.h">
      <Filter>p2</Filter>
    </ClInclude>
    <ClInclude Include="p2SString.h">
      <Filter>p2</Filter>
    </ClInclude>
    <ClInclude Include="j1App.h">
      <Filter>Game</Filter>
    </ClInclude>
    <ClInclude Include="j1Module.h">
      <Filter>Game</Filter>
    </ClInclude>
    <ClInclude Include="j1PerfTimer.h">
      <Filter>Game\Tools</Filter>
    </ClInclude>
    <ClInclude Include="j1Timer.h">
      <Filter>Game\Tools</Filter>
    </ClInclude>
    <ClInclude Include="j1Scene.h">
      <Filter>Game\Scenes</Filter>
    </ClInclude>
    <ClInclude Include="j1Audio.h">
      <Filter>Game\Modules</Filter>
    </ClInclude>
    <ClInclude Include="j1Collision.h">
      <Filter>Game\Modules</Filter>
    </ClInclude>
    <ClInclude Include="j1FadeToBlack.h">
      <Filter>Game\Modules</Filter>
    </ClInclude>
    <ClInclude Include="j1Input.h">
      <Filter>Game\Modules</Filter>
    </ClInclude>
    <ClInclude Include="j1Map.h">
      <Filter>Game\Modules</Filter>
    </ClInclude>
    <ClInclude Include="j1Particles.h">
      <Filter>Game\Modules</Filter>
    </ClInclude>
    <ClInclude Include="j1Pathfinding.h">
      <Filter>Game\Modules</Filter>
    </ClInclude>
    <ClInclude Include="j1Render.h">
      <Filter>Game\Modules</Filter>
    </ClInclude>
    <ClInclude Include="j1Textures.h">
      <Filter>Game\Modules</Filter>
    </ClInclude>
    <ClInclude Include="j1Window.h">
      <Filter>Game\Modules</Filter>
    </ClInclude>
    <ClInclude Include="CatPeasant.h">
      <Filter>Game\Modules\Entities</Filter>
    </ClInclude>
    <ClInclude Include="Imp.h">
      <Filter>Game\Modules\Entities</Filter>
    </ClInclude>
    <ClInclude Include="Monkey.h">
      <Filter>Game\Modules\Entities</Filter>
    </ClInclude>
    <ClInclude Include="PugiXml\src\pugiconfig.hpp">
      <Filter>Game\Tools\PugiXML</Filter>
    </ClInclude>
    <ClInclude Include="PugiXml\src\pugixml.hpp">
      <Filter>Game\Tools\PugiXML</Filter>
    </ClInclude>
    <ClInclude Include="j1EntityFactory.h">
      <Filter>Game\Modules</Filter>
    </ClInclude>
    <ClInclude Include="Entity.h">
      <Filter>Game\Modules\Entities</Filter>
    </ClInclude>
    <ClInclude Include="Player.h">
      <Filter>Game\Modules\Entities</Filter>
    </ClInclude>
  </ItemGroup>
  <ItemGroup>
    <Filter Include="Game">
      <UniqueIdentifier>{a20e62d4-7235-4bf2-9b0c-afc3cd56020d}</UniqueIdentifier>
    </Filter>
    <Filter Include="p2">
      <UniqueIdentifier>{ac559920-c2e4-4f67-afa2-2613b2b1231d}</UniqueIdentifier>
    </Filter>
    <Filter Include="Game\Modules">
      <UniqueIdentifier>{050952ea-33eb-4534-ae2f-4cf9466865b1}</UniqueIdentifier>
    </Filter>
    <Filter Include="Game\Scenes">
      <UniqueIdentifier>{4c0bac79-9e74-468c-9629-3f55686be912}</UniqueIdentifier>
    </Filter>
    <Filter Include="Game\Tools">
      <UniqueIdentifier>{7a1de275-2740-456e-93a3-d48992566a87}</UniqueIdentifier>
    </Filter>
    <Filter Include="Game\Tools\PugiXML">
      <UniqueIdentifier>{d4be428c-f990-42eb-a048-aa10f9825fae}</UniqueIdentifier>
    </Filter>
    <Filter Include="Game\Modules\Entities">
      <UniqueIdentifier>{3d9caea6-5dbe-4bd6-a9a5-eb7ae2657fc3}</UniqueIdentifier>
    </Filter>
  </ItemGroup>
</Project>